
Microsoft Visual Studio Solution File, Format Version 12.00
# Visual Studio Version 17
VisualStudioVersion = 17.2.32505.173
MinimumVisualStudioVersion = 10.0.40219.1
Project("{FAE04EC0-301F-11D3-BF4B-00C04F79EFBC}") = "CRUDCOREEVALUACION", "CRUDCOREEVALUACION\CRUDCOREEVALUACION.csproj", "{4F23517B-009E-4971-BD68-E7D75C656E33}"
EndProject
Global
	GlobalSection(SolutionConfigurationPlatforms) = preSolution
		Debug|Any CPU = Debug|Any CPU
		Release|Any CPU = Release|Any CPU
	EndGlobalSection
	GlobalSection(ProjectConfigurationPlatforms) = postSolution
		{4F23517B-009E-4971-BD68-E7D75C656E33}.Debug|Any CPU.ActiveCfg = Debug|Any CPU
		{4F23517B-009E-4971-BD68-E7D75C656E33}.Debug|Any CPU.Build.0 = Debug|Any CPU
		{4F23517B-009E-4971-BD68-E7D75C656E33}.Release|Any CPU.ActiveCfg = Release|Any CPU
		{4F23517B-009E-4971-BD68-E7D75C656E33}.Release|Any CPU.Build.0 = Release|Any CPU
	EndGlobalSection
	GlobalSection(SolutionProperties) = preSolution
		HideSolutionNode = FALSE
	EndGlobalSection
	GlobalSection(ExtensibilityGlobals) = postSolution
		SolutionGuid = {E31785FF-CC3A-45BA-86EA-821E03029CB0}
	EndGlobalSection
EndGlobal
